// !$*UTF8*$!
{
	archiveVersion = 1;
	classes = {
	};
	objectVersion = 55;
	objects = {

/* Begin PBXBuildFile section */
		27AB028D27A65F88002ECBFF /* I_heart_coffeeApp.swift in Sources */ = {isa = PBXBuildFile; fileRef = 27AB028C27A65F88002ECBFF /* I_heart_coffeeApp.swift */; };
		27AB028F27A65F88002ECBFF /* ContentView.swift in Sources */ = {isa = PBXBuildFile; fileRef = 27AB028E27A65F88002ECBFF /* ContentView.swift */; };
		27AB029127A65F89002ECBFF /* Assets.xcassets in Resources */ = {isa = PBXBuildFile; fileRef = 27AB029027A65F89002ECBFF /* Assets.xcassets */; };
		27AB029427A65F89002ECBFF /* Preview Assets.xcassets in Resources */ = {isa = PBXBuildFile; fileRef = 27AB029327A65F89002ECBFF /* Preview Assets.xcassets */; };
		27AB029B27A66053002ECBFF /* BrewMethods.swift in Sources */ = {isa = PBXBuildFile; fileRef = 27AB029A27A66053002ECBFF /* BrewMethods.swift */; };
		27AB029D27A660E6002ECBFF /* Water.swift in Sources */ = {isa = PBXBuildFile; fileRef = 27AB029C27A660E6002ECBFF /* Water.swift */; };
		27AB029F27A6613A002ECBFF /* Sandbox.swift in Sources */ = {isa = PBXBuildFile; fileRef = 27AB029E27A6613A002ECBFF /* Sandbox.swift */; };
		27B3F1B827A744C100D9A96E /* Recipes.swift in Sources */ = {isa = PBXBuildFile; fileRef = 27B3F1B727A744C100D9A96E /* Recipes.swift */; };
		27CC5B3E27A73D9900A2F099 /* TabBar.swift in Sources */ = {isa = PBXBuildFile; fileRef = 27CC5B3D27A73D9900A2F099 /* TabBar.swift */; };
		27CC5B4027A73FC200A2F099 /* Favorites.swift in Sources */ = {isa = PBXBuildFile; fileRef = 27CC5B3F27A73FC200A2F099 /* Favorites.swift */; };
		27E43EE827AA4922001BDCEA /* GoogleService-Info.plist in Resources */ = {isa = PBXBuildFile; fileRef = 27E43EE727AA4922001BDCEA /* GoogleService-Info.plist */; };
		27E43EEA27AB053E001BDCEA /* BrewModel.swift in Sources */ = {isa = PBXBuildFile; fileRef = 27E43EE927AB053E001BDCEA /* BrewModel.swift */; };
		3B2D4263DAEC597999606BB1 /* Pods_I_heart_coffee.framework in Frameworks */ = {isa = PBXBuildFile; fileRef = A165E56A7ADDABA75B99A4CB /* Pods_I_heart_coffee.framework */; };
/* End PBXBuildFile section */

/* Begin PBXFileReference section */
		18931D91C0A69C9518A43A45 /* Pods-I-heart-coffee.release.xcconfig */ = {isa = PBXFileReference; includeInIndex = 1; lastKnownFileType = text.xcconfig; name = "Pods-I-heart-coffee.release.xcconfig"; path = "Target Support Files/Pods-I-heart-coffee/Pods-I-heart-coffee.release.xcconfig"; sourceTree = "<group>"; };
		27AB028927A65F88002ECBFF /* I-heart-coffee.app */ = {isa = PBXFileReference; explicitFileType = wrapper.application; includeInIndex = 0; path = "I-heart-coffee.app"; sourceTree = BUILT_PRODUCTS_DIR; };
		27AB028C27A65F88002ECBFF /* I_heart_coffeeApp.swift */ = {isa = PBXFileReference; lastKnownFileType = sourcecode.swift; path = I_heart_coffeeApp.swift; sourceTree = "<group>"; };
		27AB028E27A65F88002ECBFF /* ContentView.swift */ = {isa = PBXFileReference; lastKnownFileType = sourcecode.swift; path = ContentView.swift; sourceTree = "<group>"; };
		27AB029027A65F89002ECBFF /* Assets.xcassets */ = {isa = PBXFileReference; lastKnownFileType = folder.assetcatalog; path = Assets.xcassets; sourceTree = "<group>"; };
		27AB029327A65F89002ECBFF /* Preview Assets.xcassets */ = {isa = PBXFileReference; lastKnownFileType = folder.assetcatalog; path = "Preview Assets.xcassets"; sourceTree = "<group>"; };
		27AB029A27A66053002ECBFF /* BrewMethods.swift */ = {isa = PBXFileReference; lastKnownFileType = sourcecode.swift; path = BrewMethods.swift; sourceTree = "<group>"; };
		27AB029C27A660E6002ECBFF /* Water.swift */ = {isa = PBXFileReference; lastKnownFileType = sourcecode.swift; path = Water.swift; sourceTree = "<group>"; };
		27AB029E27A6613A002ECBFF /* Sandbox.swift */ = {isa = PBXFileReference; lastKnownFileType = sourcecode.swift; path = Sandbox.swift; sourceTree = "<group>"; };
		27B3F1B727A744C100D9A96E /* Recipes.swift */ = {isa = PBXFileReference; lastKnownFileType = sourcecode.swift; path = Recipes.swift; sourceTree = "<group>"; };
		27CC5B3D27A73D9900A2F099 /* TabBar.swift */ = {isa = PBXFileReference; lastKnownFileType = sourcecode.swift; path = TabBar.swift; sourceTree = "<group>"; };
		27CC5B3F27A73FC200A2F099 /* Favorites.swift */ = {isa = PBXFileReference; lastKnownFileType = sourcecode.swift; path = Favorites.swift; sourceTree = "<group>"; };
		27E43EE727AA4922001BDCEA /* GoogleService-Info.plist */ = {isa = PBXFileReference; fileEncoding = 4; lastKnownFileType = text.plist.xml; path = "GoogleService-Info.plist"; sourceTree = "<group>"; };
		27E43EE927AB053E001BDCEA /* BrewModel.swift */ = {isa = PBXFileReference; lastKnownFileType = sourcecode.swift; path = BrewModel.swift; sourceTree = "<group>"; };
		A165E56A7ADDABA75B99A4CB /* Pods_I_heart_coffee.framework */ = {isa = PBXFileReference; explicitFileType = wrapper.framework; includeInIndex = 0; path = Pods_I_heart_coffee.framework; sourceTree = BUILT_PRODUCTS_DIR; };
		D5DE01A5EE5B2A6B113C3430 /* Pods-I-heart-coffee.debug.xcconfig */ = {isa = PBXFileReference; includeInIndex = 1; lastKnownFileType = text.xcconfig; name = "Pods-I-heart-coffee.debug.xcconfig"; path = "Target Support Files/Pods-I-heart-coffee/Pods-I-heart-coffee.debug.xcconfig"; sourceTree = "<group>"; };
/* End PBXFileReference section */

/* Begin PBXFrameworksBuildPhase section */
		27AB028627A65F88002ECBFF /* Frameworks */ = {
			isa = PBXFrameworksBuildPhase;
			buildActionMask = 2147483647;
			files = (
				3B2D4263DAEC597999606BB1 /* Pods_I_heart_coffee.framework in Frameworks */,
			);
			runOnlyForDeploymentPostprocessing = 0;
		};
/* End PBXFrameworksBuildPhase section */

/* Begin PBXGroup section */
		27AB028027A65F88002ECBFF = {
			isa = PBXGroup;
			children = (
				27AB028B27A65F88002ECBFF /* I-heart-coffee */,
				27AB028A27A65F88002ECBFF /* Products */,
				C322992D84FF43C9D603A399 /* Pods */,
				AFEB9698A6A7297CA1A09BCF /* Frameworks */,
			);
			sourceTree = "<group>";
		};
		27AB028A27A65F88002ECBFF /* Products */ = {
			isa = PBXGroup;
			children = (
				27AB028927A65F88002ECBFF /* I-heart-coffee.app */,
			);
			name = Products;
			sourceTree = "<group>";
		};
		27AB028B27A65F88002ECBFF /* I-heart-coffee */ = {
			isa = PBXGroup;
			children = (
				27B3F1B627A7448300D9A96E /* Models */,
				27AB028C27A65F88002ECBFF /* I_heart_coffeeApp.swift */,
				27CC5B3D27A73D9900A2F099 /* TabBar.swift */,
				27CC5B3F27A73FC200A2F099 /* Favorites.swift */,
				27AB028E27A65F88002ECBFF /* ContentView.swift */,
				27AB029E27A6613A002ECBFF /* Sandbox.swift */,
				27E43EE927AB053E001BDCEA /* BrewModel.swift */,
				27AB029A27A66053002ECBFF /* BrewMethods.swift */,
				27AB029C27A660E6002ECBFF /* Water.swift */,
				27E43EE727AA4922001BDCEA /* GoogleService-Info.plist */,
				27AB029027A65F89002ECBFF /* Assets.xcassets */,
				27AB029227A65F89002ECBFF /* Preview Content */,
			);
			path = "I-heart-coffee";
			sourceTree = "<group>";
		};
		27AB029227A65F89002ECBFF /* Preview Content */ = {
			isa = PBXGroup;
			children = (
				27AB029327A65F89002ECBFF /* Preview Assets.xcassets */,
			);
			path = "Preview Content";
			sourceTree = "<group>";
		};
		27B3F1B627A7448300D9A96E /* Models */ = {
			isa = PBXGroup;
			children = (
				27B3F1B727A744C100D9A96E /* Recipes.swift */,
			);
			path = Models;
			sourceTree = "<group>";
		};
		AFEB9698A6A7297CA1A09BCF /* Frameworks */ = {
			isa = PBXGroup;
			children = (
				A165E56A7ADDABA75B99A4CB /* Pods_I_heart_coffee.framework */,
			);
			name = Frameworks;
			sourceTree = "<group>";
		};
		C322992D84FF43C9D603A399 /* Pods */ = {
			isa = PBXGroup;
			children = (
				D5DE01A5EE5B2A6B113C3430 /* Pods-I-heart-coffee.debug.xcconfig */,
				18931D91C0A69C9518A43A45 /* Pods-I-heart-coffee.release.xcconfig */,
			);
			path = Pods;
			sourceTree = "<group>";
		};
/* End PBXGroup section */

/* Begin PBXNativeTarget section */
		27AB028827A65F88002ECBFF /* I-heart-coffee */ = {
			isa = PBXNativeTarget;
			buildConfigurationList = 27AB029727A65F89002ECBFF /* Build configuration list for PBXNativeTarget "I-heart-coffee" */;
			buildPhases = (
				4C4456C34BDFC6E8F30DA615 /* [CP] Check Pods Manifest.lock */,
				27AB028527A65F88002ECBFF /* Sources */,
				27AB028627A65F88002ECBFF /* Frameworks */,
				27AB028727A65F88002ECBFF /* Resources */,
				7188E8CCAF70B21BBA257696 /* [CP] Embed Pods Frameworks */,
			);
			buildRules = (
			);
			dependencies = (
			);
			name = "I-heart-coffee";
			productName = "I-heart-coffee";
			productReference = 27AB028927A65F88002ECBFF /* I-heart-coffee.app */;
			productType = "com.apple.product-type.application";
		};
/* End PBXNativeTarget section */

/* Begin PBXProject section */
		27AB028127A65F88002ECBFF /* Project object */ = {
			isa = PBXProject;
			attributes = {
				BuildIndependentTargetsInParallel = 1;
				LastSwiftUpdateCheck = 1320;
				LastUpgradeCheck = 1320;
				TargetAttributes = {
					27AB028827A65F88002ECBFF = {
						CreatedOnToolsVersion = 13.2.1;
					};
				};
			};
			buildConfigurationList = 27AB028427A65F88002ECBFF /* Build configuration list for PBXProject "I-heart-coffee" */;
			compatibilityVersion = "Xcode 13.0";
			developmentRegion = en;
			hasScannedForEncodings = 0;
			knownRegions = (
				en,
				Base,
			);
			mainGroup = 27AB028027A65F88002ECBFF;
			productRefGroup = 27AB028A27A65F88002ECBFF /* Products */;
			projectDirPath = "";
			projectRoot = "";
			targets = (
				27AB028827A65F88002ECBFF /* I-heart-coffee */,
			);
		};
/* End PBXProject section */

/* Begin PBXResourcesBuildPhase section */
		27AB028727A65F88002ECBFF /* Resources */ = {
			isa = PBXResourcesBuildPhase;
			buildActionMask = 2147483647;
			files = (
				27AB029427A65F89002ECBFF /* Preview Assets.xcassets in Resources */,
				27AB029127A65F89002ECBFF /* Assets.xcassets in Resources */,
				27E43EE827AA4922001BDCEA /* GoogleService-Info.plist in Resources */,
			);
			runOnlyForDeploymentPostprocessing = 0;
		};
/* End PBXResourcesBuildPhase section */

/* Begin PBXShellScriptBuildPhase section */
		4C4456C34BDFC6E8F30DA615 /* [CP] Check Pods Manifest.lock */ = {
			isa = PBXShellScriptBuildPhase;
			buildActionMask = 2147483647;
			files = (
			);
			inputFileListPaths = (
			);
			inputPaths = (
				"${PODS_PODFILE_DIR_PATH}/Podfile.lock",
				"${PODS_ROOT}/Manifest.lock",
			);
			name = "[CP] Check Pods Manifest.lock";
			outputFileListPaths = (
			);
			outputPaths = (
				"$(DERIVED_FILE_DIR)/Pods-I-heart-coffee-checkManifestLockResult.txt",
			);
			runOnlyForDeploymentPostprocessing = 0;
			shellPath = /bin/sh;
			shellScript = "diff \"${PODS_PODFILE_DIR_PATH}/Podfile.lock\" \"${PODS_ROOT}/Manifest.lock\" > /dev/null\nif [ $? != 0 ] ; then\n    # print error to STDERR\n    echo \"error: The sandbox is not in sync with the Podfile.lock. Run 'pod install' or update your CocoaPods installation.\" >&2\n    exit 1\nfi\n# This output is used by Xcode 'outputs' to avoid re-running this script phase.\necho \"SUCCESS\" > \"${SCRIPT_OUTPUT_FILE_0}\"\n";
			showEnvVarsInLog = 0;
		};
		7188E8CCAF70B21BBA257696 /* [CP] Embed Pods Frameworks */ = {
			isa = PBXShellScriptBuildPhase;
			buildActionMask = 2147483647;
			files = (
			);
			inputFileListPaths = (
				"${PODS_ROOT}/Target Support Files/Pods-I-heart-coffee/Pods-I-heart-coffee-frameworks-${CONFIGURATION}-input-files.xcfilelist",
			);
			name = "[CP] Embed Pods Frameworks";
			outputFileListPaths = (
				"${PODS_ROOT}/Target Support Files/Pods-I-heart-coffee/Pods-I-heart-coffee-frameworks-${CONFIGURATION}-output-files.xcfilelist",
			);
			runOnlyForDeploymentPostprocessing = 0;
			shellPath = /bin/sh;
			shellScript = "\"${PODS_ROOT}/Target Support Files/Pods-I-heart-coffee/Pods-I-heart-coffee-frameworks.sh\"\n";
			showEnvVarsInLog = 0;
		};
/* End PBXShellScriptBuildPhase section */

/* Begin PBXSourcesBuildPhase section */
		27AB028527A65F88002ECBFF /* Sources */ = {
			isa = PBXSourcesBuildPhase;
			buildActionMask = 2147483647;
			files = (
				27AB029B27A66053002ECBFF /* BrewMethods.swift in Sources */,
				27AB029F27A6613A002ECBFF /* Sandbox.swift in Sources */,
				27AB029D27A660E6002ECBFF /* Water.swift in Sources */,
				27B3F1B827A744C100D9A96E /* Recipes.swift in Sources */,
				27CC5B3E27A73D9900A2F099 /* TabBar.swift in Sources */,
				27CC5B4027A73FC200A2F099 /* Favorites.swift in Sources */,
				27AB028F27A65F88002ECBFF /* ContentView.swift in Sources */,
				27AB028D27A65F88002ECBFF /* I_heart_coffeeApp.swift in Sources */,
				27E43EEA27AB053E001BDCEA /* BrewModel.swift in Sources */,
			);
			runOnlyForDeploymentPostprocessing = 0;
		};
/* End PBXSourcesBuildPhase section */

/* Begin XCBuildConfiguration section */
		27AB029527A65F89002ECBFF /* Debug */ = {
			isa = XCBuildConfiguration;
			buildSettings = {
				ALWAYS_SEARCH_USER_PATHS = NO;
				CLANG_ANALYZER_NONNULL = YES;
				CLANG_ANALYZER_NUMBER_OBJECT_CONVERSION = YES_AGGRESSIVE;
				CLANG_CXX_LANGUAGE_STANDARD = "gnu++17";
				CLANG_CXX_LIBRARY = "libc++";
				CLANG_ENABLE_MODULES = YES;
				CLANG_ENABLE_OBJC_ARC = YES;
				CLANG_ENABLE_OBJC_WEAK = YES;
				CLANG_WARN_BLOCK_CAPTURE_AUTORELEASING = YES;
				CLANG_WARN_BOOL_CONVERSION = YES;
				CLANG_WARN_COMMA = YES;
				CLANG_WARN_CONSTANT_CONVERSION = YES;
				CLANG_WARN_DEPRECATED_OBJC_IMPLEMENTATIONS = YES;
				CLANG_WARN_DIRECT_OBJC_ISA_USAGE = YES_ERROR;
				CLANG_WARN_DOCUMENTATION_COMMENTS = YES;
				CLANG_WARN_EMPTY_BODY = YES;
				CLANG_WARN_ENUM_CONVERSION = YES;
				CLANG_WARN_INFINITE_RECURSION = YES;
				CLANG_WARN_INT_CONVERSION = YES;
				CLANG_WARN_NON_LITERAL_NULL_CONVERSION = YES;
				CLANG_WARN_OBJC_IMPLICIT_RETAIN_SELF = YES;
				CLANG_WARN_OBJC_LITERAL_CONVERSION = YES;
				CLANG_WARN_OBJC_ROOT_CLASS = YES_ERROR;
				CLANG_WARN_QUOTED_INCLUDE_IN_FRAMEWORK_HEADER = YES;
				CLANG_WARN_RANGE_LOOP_ANALYSIS = YES;
				CLANG_WARN_STRICT_PROTOTYPES = YES;
				CLANG_WARN_SUSPICIOUS_MOVE = YES;
				CLANG_WARN_UNGUARDED_AVAILABILITY = YES_AGGRESSIVE;
				CLANG_WARN_UNREACHABLE_CODE = YES;
				CLANG_WARN__DUPLICATE_METHOD_MATCH = YES;
				COPY_PHASE_STRIP = NO;
				DEBUG_INFORMATION_FORMAT = dwarf;
				ENABLE_STRICT_OBJC_MSGSEND = YES;
				ENABLE_TESTABILITY = YES;
				GCC_C_LANGUAGE_STANDARD = gnu11;
				GCC_DYNAMIC_NO_PIC = NO;
				GCC_NO_COMMON_BLOCKS = YES;
				GCC_OPTIMIZATION_LEVEL = 0;
				GCC_PREPROCESSOR_DEFINITIONS = (
					"DEBUG=1",
					"$(inherited)",
				);
				GCC_WARN_64_TO_32_BIT_CONVERSION = YES;
				GCC_WARN_ABOUT_RETURN_TYPE = YES_ERROR;
				GCC_WARN_UNDECLARED_SELECTOR = YES;
				GCC_WARN_UNINITIALIZED_AUTOS = YES_AGGRESSIVE;
				GCC_WARN_UNUSED_FUNCTION = YES;
				GCC_WARN_UNUSED_VARIABLE = YES;
				IPHONEOS_DEPLOYMENT_TARGET = 15.2;
				MTL_ENABLE_DEBUG_INFO = INCLUDE_SOURCE;
				MTL_FAST_MATH = YES;
				ONLY_ACTIVE_ARCH = YES;
				SDKROOT = iphoneos;
				SWIFT_ACTIVE_COMPILATION_CONDITIONS = DEBUG;
				SWIFT_OPTIMIZATION_LEVEL = "-Onone";
			};
			name = Debug;
		};
		27AB029627A65F89002ECBFF /* Release */ = {
			isa = XCBuildConfiguration;
			buildSettings = {
				ALWAYS_SEARCH_USER_PATHS = NO;
				CLANG_ANALYZER_NONNULL = YES;
				CLANG_ANALYZER_NUMBER_OBJECT_CONVERSION = YES_AGGRESSIVE;
				CLANG_CXX_LANGUAGE_STANDARD = "gnu++17";
				CLANG_CXX_LIBRARY = "libc++";
				CLANG_ENABLE_MODULES = YES;
				CLANG_ENABLE_OBJC_ARC = YES;
				CLANG_ENABLE_OBJC_WEAK = YES;
				CLANG_WARN_BLOCK_CAPTURE_AUTORELEASING = YES;
				CLANG_WARN_BOOL_CONVERSION = YES;
				CLANG_WARN_COMMA = YES;
				CLANG_WARN_CONSTANT_CONVERSION = YES;
				CLANG_WARN_DEPRECATED_OBJC_IMPLEMENTATIONS = YES;
				CLANG_WARN_DIRECT_OBJC_ISA_USAGE = YES_ERROR;
				CLANG_WARN_DOCUMENTATION_COMMENTS = YES;
				CLANG_WARN_EMPTY_BODY = YES;
				CLANG_WARN_ENUM_CONVERSION = YES;
				CLANG_WARN_INFINITE_RECURSION = YES;
				CLANG_WARN_INT_CONVERSION = YES;
				CLANG_WARN_NON_LITERAL_NULL_CONVERSION = YES;
				CLANG_WARN_OBJC_IMPLICIT_RETAIN_SELF = YES;
				CLANG_WARN_OBJC_LITERAL_CONVERSION = YES;
				CLANG_WARN_OBJC_ROOT_CLASS = YES_ERROR;
				CLANG_WARN_QUOTED_INCLUDE_IN_FRAMEWORK_HEADER = YES;
				CLANG_WARN_RANGE_LOOP_ANALYSIS = YES;
				CLANG_WARN_STRICT_PROTOTYPES = YES;
				CLANG_WARN_SUSPICIOUS_MOVE = YES;
				CLANG_WARN_UNGUARDED_AVAILABILITY = YES_AGGRESSIVE;
				CLANG_WARN_UNREACHABLE_CODE = YES;
				CLANG_WARN__DUPLICATE_METHOD_MATCH = YES;
				COPY_PHASE_STRIP = NO;
				DEBUG_INFORMATION_FORMAT = "dwarf-with-dsym";
				ENABLE_NS_ASSERTIONS = NO;
				ENABLE_STRICT_OBJC_MSGSEND = YES;
				GCC_C_LANGUAGE_STANDARD = gnu11;
				GCC_NO_COMMON_BLOCKS = YES;
				GCC_WARN_64_TO_32_BIT_CONVERSION = YES;
				GCC_WARN_ABOUT_RETURN_TYPE = YES_ERROR;
				GCC_WARN_UNDECLARED_SELECTOR = YES;
				GCC_WARN_UNINITIALIZED_AUTOS = YES_AGGRESSIVE;
				GCC_WARN_UNUSED_FUNCTION = YES;
				GCC_WARN_UNUSED_VARIABLE = YES;
				IPHONEOS_DEPLOYMENT_TARGET = 15.2;
				MTL_ENABLE_DEBUG_INFO = NO;
				MTL_FAST_MATH = YES;
				SDKROOT = iphoneos;
				SWIFT_COMPILATION_MODE = wholemodule;
				SWIFT_OPTIMIZATION_LEVEL = "-O";
				VALIDATE_PRODUCT = YES;
			};
			name = Release;
		};
		27AB029827A65F89002ECBFF /* Debug */ = {
			isa = XCBuildConfiguration;
			baseConfigurationReference = D5DE01A5EE5B2A6B113C3430 /* Pods-I-heart-coffee.debug.xcconfig */;
			buildSettings = {
				ASSETCATALOG_COMPILER_APPICON_NAME = AppIcon;
				ASSETCATALOG_COMPILER_GLOBAL_ACCENT_COLOR_NAME = AccentColor;
				CODE_SIGN_STYLE = Automatic;
				CURRENT_PROJECT_VERSION = 1;
				DEVELOPMENT_ASSET_PATHS = "\"I-heart-coffee/Preview Content\"";
				ENABLE_PREVIEWS = YES;
				GENERATE_INFOPLIST_FILE = YES;
				INFOPLIST_KEY_UIApplicationSceneManifest_Generation = YES;
				INFOPLIST_KEY_UIApplicationSupportsIndirectInputEvents = YES;
				INFOPLIST_KEY_UILaunchScreen_Generation = YES;
				INFOPLIST_KEY_UISupportedInterfaceOrientations_iPad = "UIInterfaceOrientationPortrait UIInterfaceOrientationPortraitUpsideDown UIInterfaceOrientationLandscapeLeft UIInterfaceOrientationLandscapeRight";
				INFOPLIST_KEY_UISupportedInterfaceOrientations_iPhone = "UIInterfaceOrientationPortrait UIInterfaceOrientationLandscapeLeft UIInterfaceOrientationLandscapeRight";
				LD_RUNPATH_SEARCH_PATHS = (
					"$(inherited)",
					"@executable_path/Frameworks",
				);
				MARKETING_VERSION = 1.0;
				PRODUCT_BUNDLE_IDENTIFIER = "com.lizet-tovar.I-heart-coffee";
				PRODUCT_NAME = "$(TARGET_NAME)";
				SWIFT_EMIT_LOC_STRINGS = YES;
				SWIFT_VERSION = 5.0;
				TARGETED_DEVICE_FAMILY = "1,2";
			};
			name = Debug;
		};
		27AB029927A65F89002ECBFF /* Release */ = {
			isa = XCBuildConfiguration;
			baseConfigurationReference = 18931D91C0A69C9518A43A45 /* Pods-I-heart-coffee.release.xcconfig */;
			buildSettings = {
				ASSETCATALOG_COMPILER_APPICON_NAME = AppIcon;
				ASSETCATALOG_COMPILER_GLOBAL_ACCENT_COLOR_NAME = AccentColor;
				CODE_SIGN_STYLE = Automatic;
				CURRENT_PROJECT_VERSION = 1;
				DEVELOPMENT_ASSET_PATHS = "\"I-heart-coffee/Preview Content\"";
				ENABLE_PREVIEWS = YES;
				GENERATE_INFOPLIST_FILE = YES;
				INFOPLIST_KEY_UIApplicationSceneManifest_Generation = YES;
				INFOPLIST_KEY_UIApplicationSupportsIndirectInputEvents = YES;
				INFOPLIST_KEY_UILaunchScreen_Generation = YES;
				INFOPLIST_KEY_UISupportedInterfaceOrientations_iPad = "UIInterfaceOrientationPortrait UIInterfaceOrientationPortraitUpsideDown UIInterfaceOrientationLandscapeLeft UIInterfaceOrientationLandscapeRight";
				INFOPLIST_KEY_UISupportedInterfaceOrientations_iPhone = "UIInterfaceOrientationPortrait UIInterfaceOrientationLandscapeLeft UIInterfaceOrientationLandscapeRight";
				LD_RUNPATH_SEARCH_PATHS = (
					"$(inherited)",
					"@executable_path/Frameworks",
				);
				MARKETING_VERSION = 1.0;
				PRODUCT_BUNDLE_IDENTIFIER = "com.lizet-tovar.I-heart-coffee";
				PRODUCT_NAME = "$(TARGET_NAME)";
				SWIFT_EMIT_LOC_STRINGS = YES;
				SWIFT_VERSION = 5.0;
				TARGETED_DEVICE_FAMILY = "1,2";
			};
			name = Release;
		};
/* End XCBuildConfiguration section */

/* Begin XCConfigurationList section */
		27AB028427A65F88002ECBFF /* Build configuration list for PBXProject "I-heart-coffee" */ = {
			isa = XCConfigurationList;
			buildConfigurations = (
				27AB029527A65F89002ECBFF /* Debug */,
				27AB029627A65F89002ECBFF /* Release */,
			);
			defaultConfigurationIsVisible = 0;
			defaultConfigurationName = Release;
		};
		27AB029727A65F89002ECBFF /* Build configuration list for PBXNativeTarget "I-heart-coffee" */ = {
			isa = XCConfigurationList;
			buildConfigurations = (
				27AB029827A65F89002ECBFF /* Debug */,
				27AB029927A65F89002ECBFF /* Release */,
			);
			defaultConfigurationIsVisible = 0;
			defaultConfigurationName = Release;
		};
/* End XCConfigurationList section */
	};
	rootObject = 27AB028127A65F88002ECBFF /* Project object */;
}
